
Microsoft Visual Studio Solution File, Format Version 9.00
# Visual Studio 2005
Project("{8BC9CEB8-8B4A-11D0-8D11-00A0C91BC942}") = "sqlite_win32_dll", "sqlite_win32_dll\sqlite_win32_dll.vcproj", "{8C475B80-8D8A-4124-98E6-4781D273773D}"
EndProject
Global
	GlobalSection(SolutionConfigurationPlatforms) = preSolution
		Debug|Win32 = Debug|Win32
		Release|Win32 = Release|Win32
	EndGlobalSection
	GlobalSection(ProjectConfigurationPlatforms) = postSolution
		{8C475B80-8D8A-4124-98E6-4781D273773D}.Debug|Win32.ActiveCfg = Debug|Win32
		{8C475B80-8D8A-4124-98E6-4781D273773D}.Debug|Win32.Build.0 = Debug|Win32
		{8C475B80-8D8A-4124-98E6-4781D273773D}.Release|Win32.ActiveCfg = Release|Win32
		{8C475B80-8D8A-4124-98E6-4781D273773D}.Release|Win32.Build.0 = Release|Win32
	EndGlobalSection
	GlobalSection(SolutionProperties) = preSolution
		HideSolutionNode = FALSE
	EndGlobalSection
EndGlobal
